
Microsoft Visual Studio Solution File, Format Version 12.00
# Visual Studio Version 17
VisualStudioVersion = 17.7.34031.279
MinimumVisualStudioVersion = 10.0.40219.1
Project("{FAE04EC0-301F-11D3-BF4B-00C04F79EFBC}") = "ControlFlowDemo", "ControlFlowDemo\ControlFlowDemo.csproj", "{E76E89BD-BE67-4E62-9819-3F12F54F775D}"
EndProject
Global
	GlobalSection(SolutionConfigurationPlatforms) = preSolution
		Debug|Any CPU = Debug|Any CPU
		Release|Any CPU = Release|Any CPU
	EndGlobalSection
	GlobalSection(ProjectConfigurationPlatforms) = postSolution
		{E76E89BD-BE67-4E62-9819-3F12F54F775D}.Debug|Any CPU.ActiveCfg = Debug|Any CPU
		{E76E89BD-BE67-4E62-9819-3F12F54F775D}.Debug|Any CPU.Build.0 = Debug|Any CPU
		{E76E89BD-BE67-4E62-9819-3F12F54F775D}.Release|Any CPU.ActiveCfg = Release|Any CPU
		{E76E89BD-BE67-4E62-9819-3F12F54F775D}.Release|Any CPU.Build.0 = Release|Any CPU
	EndGlobalSection
	GlobalSection(SolutionProperties) = preSolution
		HideSolutionNode = FALSE
	EndGlobalSection
	GlobalSection(ExtensibilityGlobals) = postSolution
		SolutionGuid = {B67A3BC2-C715-4BF8-AB3F-61EBF246FC1D}
	EndGlobalSection
EndGlobal
